
Microsoft Visual Studio Solution File, Format Version 12.00
# Visual Studio Version 16
VisualStudioVersion = 16.0.31729.503
MinimumVisualStudioVersion = 10.0.40219.1
Project("{FAE04EC0-301F-11D3-BF4B-00C04F79EFBC}") = "Geometry", "Geometry\Geometry.csproj", "{3CA270E3-764D-4CD0-9450-E3807400864A}"
EndProject
Project("{FAE04EC0-301F-11D3-BF4B-00C04F79EFBC}") = "GeometryTest", "GeometryTest\GeometryTest.csproj", "{675D95D6-84D4-4898-B3A9-13D2DE1E4B77}"
EndProject
Global
	GlobalSection(SolutionConfigurationPlatforms) = preSolution
		Debug|Any CPU = Debug|Any CPU
		Release|Any CPU = Release|Any CPU
	EndGlobalSection
	GlobalSection(ProjectConfigurationPlatforms) = postSolution
		{3CA270E3-764D-4CD0-9450-E3807400864A}.Debug|Any CPU.ActiveCfg = Debug|Any CPU
		{3CA270E3-764D-4CD0-9450-E3807400864A}.Debug|Any CPU.Build.0 = Debug|Any CPU
		{3CA270E3-764D-4CD0-9450-E3807400864A}.Release|Any CPU.ActiveCfg = Release|Any CPU
		{3CA270E3-764D-4CD0-9450-E3807400864A}.Release|Any CPU.Build.0 = Release|Any CPU
		{675D95D6-84D4-4898-B3A9-13D2DE1E4B77}.Debug|Any CPU.ActiveCfg = Debug|Any CPU
		{675D95D6-84D4-4898-B3A9-13D2DE1E4B77}.Debug|Any CPU.Build.0 = Debug|Any CPU
		{675D95D6-84D4-4898-B3A9-13D2DE1E4B77}.Release|Any CPU.ActiveCfg = Release|Any CPU
		{675D95D6-84D4-4898-B3A9-13D2DE1E4B77}.Release|Any CPU.Build.0 = Release|Any CPU
	EndGlobalSection
	GlobalSection(SolutionProperties) = preSolution
		HideSolutionNode = FALSE
	EndGlobalSection
	GlobalSection(ExtensibilityGlobals) = postSolution
		SolutionGuid = {CFA4157B-64E9-48F8-B1CD-F214E81B7E70}
	EndGlobalSection
EndGlobal
